
Microsoft Visual Studio Solution File, Format Version 12.00
# Visual Studio 15
VisualStudioVersion = 15.0.28307.329
MinimumVisualStudioVersion = 10.0.40219.1
Project("{FAE04EC0-301F-11D3-BF4B-00C04F79EFBC}") = "Far manager", "Far manager\Far manager.csproj", "{CA5069CF-97D3-4725-A568-E01C4D827F78}"
EndProject
Global
	GlobalSection(SolutionConfigurationPlatforms) = preSolution
		Debug|Any CPU = Debug|Any CPU
		Release|Any CPU = Release|Any CPU
	EndGlobalSection
	GlobalSection(ProjectConfigurationPlatforms) = postSolution
		{CA5069CF-97D3-4725-A568-E01C4D827F78}.Debug|Any CPU.ActiveCfg = Debug|Any CPU
		{CA5069CF-97D3-4725-A568-E01C4D827F78}.Debug|Any CPU.Build.0 = Debug|Any CPU
		{CA5069CF-97D3-4725-A568-E01C4D827F78}.Release|Any CPU.ActiveCfg = Release|Any CPU
		{CA5069CF-97D3-4725-A568-E01C4D827F78}.Release|Any CPU.Build.0 = Release|Any CPU
	EndGlobalSection
	GlobalSection(SolutionProperties) = preSolution
		HideSolutionNode = FALSE
	EndGlobalSection
	GlobalSection(ExtensibilityGlobals) = postSolution
		SolutionGuid = {60FAE04A-C916-4848-8983-0A2A32C2CB38}
	EndGlobalSection
EndGlobal
